
Microsoft Visual Studio Solution File, Format Version 12.00
# Visual Studio 14
VisualStudioVersion = 14.0.25420.1
MinimumVisualStudioVersion = 10.0.40219.1
Project("{FAE04EC0-301F-11D3-BF4B-00C04F79EFBC}") = "Garbage.Domain", "Garbage.Domain\Garbage.Domain.csproj", "{1D0225C7-BA0A-4AF5-AFC2-C6532BFD659B}"
EndProject
Project("{FAE04EC0-301F-11D3-BF4B-00C04F79EFBC}") = "Garbage.Tests", "Garbage.Tests\Garbage.Tests.csproj", "{AD27D2A9-8BCC-496C-B16A-C7D9CA3F5757}"
EndProject
Global
	GlobalSection(SolutionConfigurationPlatforms) = preSolution
		Debug|Any CPU = Debug|Any CPU
		Release|Any CPU = Release|Any CPU
	EndGlobalSection
	GlobalSection(ProjectConfigurationPlatforms) = postSolution
		{1D0225C7-BA0A-4AF5-AFC2-C6532BFD659B}.Debug|Any CPU.ActiveCfg = Debug|Any CPU
		{1D0225C7-BA0A-4AF5-AFC2-C6532BFD659B}.Debug|Any CPU.Build.0 = Debug|Any CPU
		{1D0225C7-BA0A-4AF5-AFC2-C6532BFD659B}.Release|Any CPU.ActiveCfg = Release|Any CPU
		{1D0225C7-BA0A-4AF5-AFC2-C6532BFD659B}.Release|Any CPU.Build.0 = Release|Any CPU
		{AD27D2A9-8BCC-496C-B16A-C7D9CA3F5757}.Debug|Any CPU.ActiveCfg = Debug|Any CPU
		{AD27D2A9-8BCC-496C-B16A-C7D9CA3F5757}.Debug|Any CPU.Build.0 = Debug|Any CPU
		{AD27D2A9-8BCC-496C-B16A-C7D9CA3F5757}.Release|Any CPU.ActiveCfg = Release|Any CPU
		{AD27D2A9-8BCC-496C-B16A-C7D9CA3F5757}.Release|Any CPU.Build.0 = Release|Any CPU
	EndGlobalSection
	GlobalSection(SolutionProperties) = preSolution
		HideSolutionNode = FALSE
	EndGlobalSection
EndGlobal
