
Microsoft Visual Studio Solution File, Format Version 12.00
# Visual Studio Version 16
VisualStudioVersion = 16.0.29201.188
MinimumVisualStudioVersion = 10.0.40219.1
Project("{FAE04EC0-301F-11D3-BF4B-00C04F79EFBC}") = "advent-2019-02", "advent-2019-02\advent-2019-02.csproj", "{600AF66E-4A1A-4104-AC23-FB2F88FCC224}"
EndProject
Global
	GlobalSection(SolutionConfigurationPlatforms) = preSolution
		Debug|Any CPU = Debug|Any CPU
		Release|Any CPU = Release|Any CPU
	EndGlobalSection
	GlobalSection(ProjectConfigurationPlatforms) = postSolution
		{600AF66E-4A1A-4104-AC23-FB2F88FCC224}.Debug|Any CPU.ActiveCfg = Debug|Any CPU
		{600AF66E-4A1A-4104-AC23-FB2F88FCC224}.Debug|Any CPU.Build.0 = Debug|Any CPU
		{600AF66E-4A1A-4104-AC23-FB2F88FCC224}.Release|Any CPU.ActiveCfg = Release|Any CPU
		{600AF66E-4A1A-4104-AC23-FB2F88FCC224}.Release|Any CPU.Build.0 = Release|Any CPU
	EndGlobalSection
	GlobalSection(SolutionProperties) = preSolution
		HideSolutionNode = FALSE
	EndGlobalSection
	GlobalSection(ExtensibilityGlobals) = postSolution
		SolutionGuid = {6AC6A793-6CCE-4580-A1A9-D7B990753180}
	EndGlobalSection
EndGlobal
