
Microsoft Visual Studio Solution File, Format Version 12.00
# Visual Studio 14
VisualStudioVersion = 14.0.25420.1
MinimumVisualStudioVersion = 10.0.40219.1
Project("{FAE04EC0-301F-11D3-BF4B-00C04F79EFBC}") = "Tower", "Tower\Tower.csproj", "{D75E6D3F-FAF1-4F38-8143-986DDFC1395B}"
EndProject
Project("{FAE04EC0-301F-11D3-BF4B-00C04F79EFBC}") = "Programs.Tests", "Programs.Tests\Programs.Tests.csproj", "{5DC8071A-5DD7-4019-8EC7-787218B8F210}"
EndProject
Global
	GlobalSection(SolutionConfigurationPlatforms) = preSolution
		Debug|Any CPU = Debug|Any CPU
		Release|Any CPU = Release|Any CPU
	EndGlobalSection
	GlobalSection(ProjectConfigurationPlatforms) = postSolution
		{D75E6D3F-FAF1-4F38-8143-986DDFC1395B}.Debug|Any CPU.ActiveCfg = Debug|Any CPU
		{D75E6D3F-FAF1-4F38-8143-986DDFC1395B}.Debug|Any CPU.Build.0 = Debug|Any CPU
		{D75E6D3F-FAF1-4F38-8143-986DDFC1395B}.Release|Any CPU.ActiveCfg = Release|Any CPU
		{D75E6D3F-FAF1-4F38-8143-986DDFC1395B}.Release|Any CPU.Build.0 = Release|Any CPU
		{5DC8071A-5DD7-4019-8EC7-787218B8F210}.Debug|Any CPU.ActiveCfg = Debug|Any CPU
		{5DC8071A-5DD7-4019-8EC7-787218B8F210}.Debug|Any CPU.Build.0 = Debug|Any CPU
		{5DC8071A-5DD7-4019-8EC7-787218B8F210}.Release|Any CPU.ActiveCfg = Release|Any CPU
		{5DC8071A-5DD7-4019-8EC7-787218B8F210}.Release|Any CPU.Build.0 = Release|Any CPU
	EndGlobalSection
	GlobalSection(SolutionProperties) = preSolution
		HideSolutionNode = FALSE
	EndGlobalSection
EndGlobal
